
Microsoft Visual Studio Solution File, Format Version 12.00
# Visual Studio 15
VisualStudioVersion = 15.0.26430.12
MinimumVisualStudioVersion = 10.0.40219.1
Project("{FAE04EC0-301F-11D3-BF4B-00C04F79EFBC}") = "League.API", "League.API\League.API.csproj", "{5F77D7BC-22C6-475D-B8A9-C931CA70CC0C}"
EndProject
Project("{FAE04EC0-301F-11D3-BF4B-00C04F79EFBC}") = "League.API.Tests", "League.API.Tests\League.API.Tests.csproj", "{91E58851-1957-4BA1-B6E9-B50AD377BDB8}"
EndProject
Global
	GlobalSection(SolutionConfigurationPlatforms) = preSolution
		Debug|Any CPU = Debug|Any CPU
		Release|Any CPU = Release|Any CPU
	EndGlobalSection
	GlobalSection(ProjectConfigurationPlatforms) = postSolution
		{5F77D7BC-22C6-475D-B8A9-C931CA70CC0C}.Debug|Any CPU.ActiveCfg = Debug|Any CPU
		{5F77D7BC-22C6-475D-B8A9-C931CA70CC0C}.Debug|Any CPU.Build.0 = Debug|Any CPU
		{5F77D7BC-22C6-475D-B8A9-C931CA70CC0C}.Release|Any CPU.ActiveCfg = Release|Any CPU
		{5F77D7BC-22C6-475D-B8A9-C931CA70CC0C}.Release|Any CPU.Build.0 = Release|Any CPU
		{91E58851-1957-4BA1-B6E9-B50AD377BDB8}.Debug|Any CPU.ActiveCfg = Debug|Any CPU
		{91E58851-1957-4BA1-B6E9-B50AD377BDB8}.Debug|Any CPU.Build.0 = Debug|Any CPU
		{91E58851-1957-4BA1-B6E9-B50AD377BDB8}.Release|Any CPU.ActiveCfg = Release|Any CPU
		{91E58851-1957-4BA1-B6E9-B50AD377BDB8}.Release|Any CPU.Build.0 = Release|Any CPU
	EndGlobalSection
	GlobalSection(SolutionProperties) = preSolution
		HideSolutionNode = FALSE
	EndGlobalSection
EndGlobal
